
Microsoft Visual Studio Solution File, Format Version 12.00
# Visual Studio Version 16
VisualStudioVersion = 16.0.31605.320
MinimumVisualStudioVersion = 10.0.40219.1
Project("{FAE04EC0-301F-11D3-BF4B-00C04F79EFBC}") = "StudentDemo", "StudentDemo\StudentDemo.csproj", "{8445636B-8ABB-4FBE-A393-9A8DF5D1B083}"
EndProject
Global
	GlobalSection(SolutionConfigurationPlatforms) = preSolution
		Debug|Any CPU = Debug|Any CPU
		Release|Any CPU = Release|Any CPU
	EndGlobalSection
	GlobalSection(ProjectConfigurationPlatforms) = postSolution
		{8445636B-8ABB-4FBE-A393-9A8DF5D1B083}.Debug|Any CPU.ActiveCfg = Debug|Any CPU
		{8445636B-8ABB-4FBE-A393-9A8DF5D1B083}.Debug|Any CPU.Build.0 = Debug|Any CPU
		{8445636B-8ABB-4FBE-A393-9A8DF5D1B083}.Release|Any CPU.ActiveCfg = Release|Any CPU
		{8445636B-8ABB-4FBE-A393-9A8DF5D1B083}.Release|Any CPU.Build.0 = Release|Any CPU
	EndGlobalSection
	GlobalSection(SolutionProperties) = preSolution
		HideSolutionNode = FALSE
	EndGlobalSection
	GlobalSection(ExtensibilityGlobals) = postSolution
		SolutionGuid = {AA2B93A0-3FD7-4B27-AF62-5FB4368D0CEF}
	EndGlobalSection
EndGlobal
